// !$*UTF8*$!
{
	archiveVersion = 1;
	classes = {
	};
	objectVersion = 51;
	objects = {

/* Begin PBXBuildFile section */
		70EF079C3DB90F9825244AF7 /* Pods_TFPopupSwiftDemo.framework in Frameworks */ = {isa = PBXBuildFile; fileRef = 425D3932BBF92DFD4678F16C /* Pods_TFPopupSwiftDemo.framework */; };
		903164C1238FAEEE00FD1EE1 /* AppDelegate.swift in Sources */ = {isa = PBXBuildFile; fileRef = 903164C0238FAEEE00FD1EE1 /* AppDelegate.swift */; };
		903164C5238FAEEE00FD1EE1 /* ViewController.swift in Sources */ = {isa = PBXBuildFile; fileRef = 903164C4238FAEEE00FD1EE1 /* ViewController.swift */; };
		903164CA238FAEF000FD1EE1 /* Assets.xcassets in Resources */ = {isa = PBXBuildFile; fileRef = 903164C9238FAEF000FD1EE1 /* Assets.xcassets */; };
		903164CD238FAEF000FD1EE1 /* LaunchScreen.storyboard in Resources */ = {isa = PBXBuildFile; fileRef = 903164CB238FAEF000FD1EE1 /* LaunchScreen.storyboard */; };
		903164D7238FAFF700FD1EE1 /* SwiftProjectUseOCPodHelper.m in Sources */ = {isa = PBXBuildFile; fileRef = 903164D6238FAFF700FD1EE1 /* SwiftProjectUseOCPodHelper.m */; };
		903164D9238FB76600FD1EE1 /* MainController.swift in Sources */ = {isa = PBXBuildFile; fileRef = 903164D8238FB76600FD1EE1 /* MainController.swift */; };
		903164DB238FBB2900FD1EE1 /* MainNavigationController.swift in Sources */ = {isa = PBXBuildFile; fileRef = 903164DA238FBB2900FD1EE1 /* MainNavigationController.swift */; };
		9035806623923F80005EC8AE /* UIView_ExtensionSystem.swift in Sources */ = {isa = PBXBuildFile; fileRef = 9035806523923F80005EC8AE /* UIView_ExtensionSystem.swift */; };
		9061A2332395478E00AAFE80 /* CustomController0.swift in Sources */ = {isa = PBXBuildFile; fileRef = 9061A2312395478E00AAFE80 /* CustomController0.swift */; };
		9061A2342395478E00AAFE80 /* CustomController0.xib in Resources */ = {isa = PBXBuildFile; fileRef = 9061A2322395478E00AAFE80 /* CustomController0.xib */; };
		9061A236239547BA00AAFE80 /* CustomWithBackgroundView0.swift in Sources */ = {isa = PBXBuildFile; fileRef = 9061A235239547B900AAFE80 /* CustomWithBackgroundView0.swift */; };
		9061A23A23954C2500AAFE80 /* CustomBaseView.swift in Sources */ = {isa = PBXBuildFile; fileRef = 9061A23923954C2500AAFE80 /* CustomBaseView.swift */; };
		9061A23C23954E3F00AAFE80 /* CustomWithBackgroundView1.swift in Sources */ = {isa = PBXBuildFile; fileRef = 9061A23B23954E3F00AAFE80 /* CustomWithBackgroundView1.swift */; };
		9061A23E23954E4700AAFE80 /* CustomWithBackgroundView2.swift in Sources */ = {isa = PBXBuildFile; fileRef = 9061A23D23954E4700AAFE80 /* CustomWithBackgroundView2.swift */; };
		9061A4482396854400AAFE80 /* CustomWithBackgroundView3.swift in Sources */ = {isa = PBXBuildFile; fileRef = 9061A4472396854400AAFE80 /* CustomWithBackgroundView3.swift */; };
		90CD39EE239505D900CABA34 /* BubbleView.xib in Resources */ = {isa = PBXBuildFile; fileRef = 90CD39D1239505D900CABA34 /* BubbleView.xib */; };
		90CD39EF239505D900CABA34 /* TopBottomFoldView.xib in Resources */ = {isa = PBXBuildFile; fileRef = 90CD39D2239505D900CABA34 /* TopBottomFoldView.xib */; };
		90CD39F0239505D900CABA34 /* TopView.xib in Resources */ = {isa = PBXBuildFile; fileRef = 90CD39D3239505D900CABA34 /* TopView.xib */; };
		90CD39F1239505D900CABA34 /* BottomView.xib in Resources */ = {isa = PBXBuildFile; fileRef = 90CD39D4239505D900CABA34 /* BottomView.xib */; };
		90CD39F2239505D900CABA34 /* TopBottomFoldView.swift in Sources */ = {isa = PBXBuildFile; fileRef = 90CD39D5239505D900CABA34 /* TopBottomFoldView.swift */; };
		90CD39F3239505D900CABA34 /* NormalController7.xib in Resources */ = {isa = PBXBuildFile; fileRef = 90CD39D6239505D900CABA34 /* NormalController7.xib */; };
		90CD39F4239505D900CABA34 /* NormalController3.swift in Sources */ = {isa = PBXBuildFile; fileRef = 90CD39D7239505D900CABA34 /* NormalController3.swift */; };
		90CD39F5239505D900CABA34 /* UniversalView.swift in Sources */ = {isa = PBXBuildFile; fileRef = 90CD39D8239505D900CABA34 /* UniversalView.swift */; };
		90CD39F6239505D900CABA34 /* NormalController6.xib in Resources */ = {isa = PBXBuildFile; fileRef = 90CD39D9239505D900CABA34 /* NormalController6.xib */; };
		90CD39F7239505D900CABA34 /* NormalController4.xib in Resources */ = {isa = PBXBuildFile; fileRef = 90CD39DA239505D900CABA34 /* NormalController4.xib */; };
		90CD39F8239505D900CABA34 /* NormalController1.swift in Sources */ = {isa = PBXBuildFile; fileRef = 90CD39DB239505D900CABA34 /* NormalController1.swift */; };
		90CD39F9239505D900CABA34 /* BubbleView.swift in Sources */ = {isa = PBXBuildFile; fileRef = 90CD39DC239505D900CABA34 /* BubbleView.swift */; };
		90CD39FA239505D900CABA34 /* NormalController5.xib in Resources */ = {isa = PBXBuildFile; fileRef = 90CD39DD239505D900CABA34 /* NormalController5.xib */; };
		90CD39FB239505D900CABA34 /* NormalController1.xib in Resources */ = {isa = PBXBuildFile; fileRef = 90CD39DE239505D900CABA34 /* NormalController1.xib */; };
		90CD39FC239505D900CABA34 /* NormalController5.swift in Sources */ = {isa = PBXBuildFile; fileRef = 90CD39DF239505D900CABA34 /* NormalController5.swift */; };
		90CD39FD239505D900CABA34 /* NormalController0.xib in Resources */ = {isa = PBXBuildFile; fileRef = 90CD39E0239505D900CABA34 /* NormalController0.xib */; };
		90CD39FE239505D900CABA34 /* NormalController2.xib in Resources */ = {isa = PBXBuildFile; fileRef = 90CD39E1239505D900CABA34 /* NormalController2.xib */; };
		90CD39FF239505D900CABA34 /* BottomView.swift in Sources */ = {isa = PBXBuildFile; fileRef = 90CD39E2239505D900CABA34 /* BottomView.swift */; };
		90CD3A00239505D900CABA34 /* NormalController7.swift in Sources */ = {isa = PBXBuildFile; fileRef = 90CD39E3239505D900CABA34 /* NormalController7.swift */; };
		90CD3A01239505D900CABA34 /* NormalController3.xib in Resources */ = {isa = PBXBuildFile; fileRef = 90CD39E4239505D900CABA34 /* NormalController3.xib */; };
		90CD3A02239505D900CABA34 /* LeftRightView.xib in Resources */ = {isa = PBXBuildFile; fileRef = 90CD39E5239505D900CABA34 /* LeftRightView.xib */; };
		90CD3A03239505D900CABA34 /* NormalController0.swift in Sources */ = {isa = PBXBuildFile; fileRef = 90CD39E6239505D900CABA34 /* NormalController0.swift */; };
		90CD3A04239505D900CABA34 /* NormalController2.swift in Sources */ = {isa = PBXBuildFile; fileRef = 90CD39E7239505D900CABA34 /* NormalController2.swift */; };
		90CD3A05239505D900CABA34 /* NormalController6.swift in Sources */ = {isa = PBXBuildFile; fileRef = 90CD39E8239505D900CABA34 /* NormalController6.swift */; };
		90CD3A06239505D900CABA34 /* UniversalView.xib in Resources */ = {isa = PBXBuildFile; fileRef = 90CD39E9239505D900CABA34 /* UniversalView.xib */; };
		90CD3A07239505D900CABA34 /* TopView.swift in Sources */ = {isa = PBXBuildFile; fileRef = 90CD39EA239505D900CABA34 /* TopView.swift */; };
		90CD3A08239505D900CABA34 /* LeftRightView.swift in Sources */ = {isa = PBXBuildFile; fileRef = 90CD39EB239505D900CABA34 /* LeftRightView.swift */; };
		90CD3A09239505D900CABA34 /* NormalController4.swift in Sources */ = {isa = PBXBuildFile; fileRef = 90CD39EC239505D900CABA34 /* NormalController4.swift */; };
/* End PBXBuildFile section */

/* Begin PBXFileReference section */
		425D3932BBF92DFD4678F16C /* Pods_TFPopupSwiftDemo.framework */ = {isa = PBXFileReference; explicitFileType = wrapper.framework; includeInIndex = 0; path = Pods_TFPopupSwiftDemo.framework; sourceTree = BUILT_PRODUCTS_DIR; };
		78942AE213B40DDEBC99A342 /* Pods-TFPopupSwiftDemo.debug.xcconfig */ = {isa = PBXFileReference; includeInIndex = 1; lastKnownFileType = text.xcconfig; name = "Pods-TFPopupSwiftDemo.debug.xcconfig"; path = "Target Support Files/Pods-TFPopupSwiftDemo/Pods-TFPopupSwiftDemo.debug.xcconfig"; sourceTree = "<group>"; };
		903164BD238FAEEE00FD1EE1 /* TFPopupSwiftDemo.app */ = {isa = PBXFileReference; explicitFileType = wrapper.application; includeInIndex = 0; path = TFPopupSwiftDemo.app; sourceTree = BUILT_PRODUCTS_DIR; };
		903164C0238FAEEE00FD1EE1 /* AppDelegate.swift */ = {isa = PBXFileReference; lastKnownFileType = sourcecode.swift; path = AppDelegate.swift; sourceTree = "<group>"; };
		903164C4238FAEEE00FD1EE1 /* ViewController.swift */ = {isa = PBXFileReference; lastKnownFileType = sourcecode.swift; path = ViewController.swift; sourceTree = "<group>"; };
		903164C9238FAEF000FD1EE1 /* Assets.xcassets */ = {isa = PBXFileReference; lastKnownFileType = folder.assetcatalog; path = Assets.xcassets; sourceTree = "<group>"; };
		903164CC238FAEF000FD1EE1 /* Base */ = {isa = PBXFileReference; lastKnownFileType = file.storyboard; name = Base; path = Base.lproj/LaunchScreen.storyboard; sourceTree = "<group>"; };
		903164CE238FAEF000FD1EE1 /* Info.plist */ = {isa = PBXFileReference; lastKnownFileType = text.plist.xml; path = Info.plist; sourceTree = "<group>"; };
		903164D4238FAFF600FD1EE1 /* TFPopupSwiftDemo-Bridging-Header.h */ = {isa = PBXFileReference; lastKnownFileType = sourcecode.c.h; path = "TFPopupSwiftDemo-Bridging-Header.h"; sourceTree = "<group>"; };
		903164D5238FAFF700FD1EE1 /* SwiftProjectUseOCPodHelper.h */ = {isa = PBXFileReference; lastKnownFileType = sourcecode.c.h; path = SwiftProjectUseOCPodHelper.h; sourceTree = "<group>"; };
		903164D6238FAFF700FD1EE1 /* SwiftProjectUseOCPodHelper.m */ = {isa = PBXFileReference; lastKnownFileType = sourcecode.c.objc; path = SwiftProjectUseOCPodHelper.m; sourceTree = "<group>"; };
		903164D8238FB76600FD1EE1 /* MainController.swift */ = {isa = PBXFileReference; lastKnownFileType = sourcecode.swift; path = MainController.swift; sourceTree = "<group>"; };
		903164DA238FBB2900FD1EE1 /* MainNavigationController.swift */ = {isa = PBXFileReference; lastKnownFileType = sourcecode.swift; path = MainNavigationController.swift; sourceTree = "<group>"; };
		9035806523923F80005EC8AE /* UIView_ExtensionSystem.swift */ = {isa = PBXFileReference; lastKnownFileType = sourcecode.swift; path = UIView_ExtensionSystem.swift; sourceTree = "<group>"; };
		9061A2312395478E00AAFE80 /* CustomController0.swift */ = {isa = PBXFileReference; lastKnownFileType = sourcecode.swift; name = CustomController0.swift; path = TFPopupSwiftDemo/Example/CustomController0.swift; sourceTree = SOURCE_ROOT; };
		9061A2322395478E00AAFE80 /* CustomController0.xib */ = {isa = PBXFileReference; lastKnownFileType = file.xib; name = CustomController0.xib; path = TFPopupSwiftDemo/Example/CustomController0.xib; sourceTree = SOURCE_ROOT; };
		9061A235239547B900AAFE80 /* CustomWithBackgroundView0.swift */ = {isa = PBXFileReference; lastKnownFileType = sourcecode.swift; name = CustomWithBackgroundView0.swift; path = TFPopupSwiftDemo/Example/CustomWithBackgroundView0.swift; sourceTree = SOURCE_ROOT; };
		9061A23923954C2500AAFE80 /* CustomBaseView.swift */ = {isa = PBXFileReference; lastKnownFileType = sourcecode.swift; name = CustomBaseView.swift; path = TFPopupSwiftDemo/Example/CustomBaseView.swift; sourceTree = SOURCE_ROOT; };
		9061A23B23954E3F00AAFE80 /* CustomWithBackgroundView1.swift */ = {isa = PBXFileReference; lastKnownFileType = sourcecode.swift; name = CustomWithBackgroundView1.swift; path = TFPopupSwiftDemo/Example/CustomWithBackgroundView1.swift; sourceTree = SOURCE_ROOT; };
		9061A23D23954E4700AAFE80 /* CustomWithBackgroundView2.swift */ = {isa = PBXFileReference; lastKnownFileType = sourcecode.swift; name = CustomWithBackgroundView2.swift; path = TFPopupSwiftDemo/Example/CustomWithBackgroundView2.swift; sourceTree = SOURCE_ROOT; };
		9061A4472396854400AAFE80 /* CustomWithBackgroundView3.swift */ = {isa = PBXFileReference; lastKnownFileType = sourcecode.swift; name = CustomWithBackgroundView3.swift; path = TFPopupSwiftDemo/Example/CustomWithBackgroundView3.swift; sourceTree = SOURCE_ROOT; };
		90CD39D1239505D900CABA34 /* BubbleView.xib */ = {isa = PBXFileReference; fileEncoding = 4; lastKnownFileType = file.xib; path = BubbleView.xib; sourceTree = "<group>"; };
		90CD39D2239505D900CABA34 /* TopBottomFoldView.xib */ = {isa = PBXFileReference; fileEncoding = 4; lastKnownFileType = file.xib; path = TopBottomFoldView.xib; sourceTree = "<group>"; };
		90CD39D3239505D900CABA34 /* TopView.xib */ = {isa = PBXFileReference; fileEncoding = 4; lastKnownFileType = file.xib; path = TopView.xib; sourceTree = "<group>"; };
		90CD39D4239505D900CABA34 /* BottomView.xib */ = {isa = PBXFileReference; fileEncoding = 4; lastKnownFileType = file.xib; path = BottomView.xib; sourceTree = "<group>"; };
		90CD39D5239505D900CABA34 /* TopBottomFoldView.swift */ = {isa = PBXFileReference; fileEncoding = 4; lastKnownFileType = sourcecode.swift; path = TopBottomFoldView.swift; sourceTree = "<group>"; };
		90CD39D6239505D900CABA34 /* NormalController7.xib */ = {isa = PBXFileReference; fileEncoding = 4; lastKnownFileType = file.xib; path = NormalController7.xib; sourceTree = "<group>"; };
		90CD39D7239505D900CABA34 /* NormalController3.swift */ = {isa = PBXFileReference; fileEncoding = 4; lastKnownFileType = sourcecode.swift; path = NormalController3.swift; sourceTree = "<group>"; };
		90CD39D8239505D900CABA34 /* UniversalView.swift */ = {isa = PBXFileReference; fileEncoding = 4; lastKnownFileType = sourcecode.swift; path = UniversalView.swift; sourceTree = "<group>"; };
		90CD39D9239505D900CABA34 /* NormalController6.xib */ = {isa = PBXFileReference; fileEncoding = 4; lastKnownFileType = file.xib; path = NormalController6.xib; sourceTree = "<group>"; };
		90CD39DA239505D900CABA34 /* NormalController4.xib */ = {isa = PBXFileReference; fileEncoding = 4; lastKnownFileType = file.xib; path = NormalController4.xib; sourceTree = "<group>"; };
		90CD39DB239505D900CABA34 /* NormalController1.swift */ = {isa = PBXFileReference; fileEncoding = 4; lastKnownFileType = sourcecode.swift; path = NormalController1.swift; sourceTree = "<group>"; };
		90CD39DC239505D900CABA34 /* BubbleView.swift */ = {isa = PBXFileReference; fileEncoding = 4; lastKnownFileType = sourcecode.swift; path = BubbleView.swift; sourceTree = "<group>"; };
		90CD39DD239505D900CABA34 /* NormalController5.xib */ = {isa = PBXFileReference; fileEncoding = 4; lastKnownFileType = file.xib; path = NormalController5.xib; sourceTree = "<group>"; };
		90CD39DE239505D900CABA34 /* NormalController1.xib */ = {isa = PBXFileReference; fileEncoding = 4; lastKnownFileType = file.xib; path = NormalController1.xib; sourceTree = "<group>"; };
		90CD39DF239505D900CABA34 /* NormalController5.swift */ = {isa = PBXFileReference; fileEncoding = 4; lastKnownFileType = sourcecode.swift; path = NormalController5.swift; sourceTree = "<group>"; };
		90CD39E0239505D900CABA34 /* NormalController0.xib */ = {isa = PBXFileReference; fileEncoding = 4; lastKnownFileType = file.xib; path = NormalController0.xib; sourceTree = "<group>"; };
		90CD39E1239505D900CABA34 /* NormalController2.xib */ = {isa = PBXFileReference; fileEncoding = 4; lastKnownFileType = file.xib; path = NormalController2.xib; sourceTree = "<group>"; };
		90CD39E2239505D900CABA34 /* BottomView.swift */ = {isa = PBXFileReference; fileEncoding = 4; lastKnownFileType = sourcecode.swift; path = BottomView.swift; sourceTree = "<group>"; };
		90CD39E3239505D900CABA34 /* NormalController7.swift */ = {isa = PBXFileReference; fileEncoding = 4; lastKnownFileType = sourcecode.swift; path = NormalController7.swift; sourceTree = "<group>"; };
		90CD39E4239505D900CABA34 /* NormalController3.xib */ = {isa = PBXFileReference; fileEncoding = 4; lastKnownFileType = file.xib; path = NormalController3.xib; sourceTree = "<group>"; };
		90CD39E5239505D900CABA34 /* LeftRightView.xib */ = {isa = PBXFileReference; fileEncoding = 4; lastKnownFileType = file.xib; path = LeftRightView.xib; sourceTree = "<group>"; };
		90CD39E6239505D900CABA34 /* NormalController0.swift */ = {isa = PBXFileReference; fileEncoding = 4; lastKnownFileType = sourcecode.swift; path = NormalController0.swift; sourceTree = "<group>"; };
		90CD39E7239505D900CABA34 /* NormalController2.swift */ = {isa = PBXFileReference; fileEncoding = 4; lastKnownFileType = sourcecode.swift; path = NormalController2.swift; sourceTree = "<group>"; };
		90CD39E8239505D900CABA34 /* NormalController6.swift */ = {isa = PBXFileReference; fileEncoding = 4; lastKnownFileType = sourcecode.swift; path = NormalController6.swift; sourceTree = "<group>"; };
		90CD39E9239505D900CABA34 /* UniversalView.xib */ = {isa = PBXFileReference; fileEncoding = 4; lastKnownFileType = file.xib; path = UniversalView.xib; sourceTree = "<group>"; };
		90CD39EA239505D900CABA34 /* TopView.swift */ = {isa = PBXFileReference; fileEncoding = 4; lastKnownFileType = sourcecode.swift; path = TopView.swift; sourceTree = "<group>"; };
		90CD39EB239505D900CABA34 /* LeftRightView.swift */ = {isa = PBXFileReference; fileEncoding = 4; lastKnownFileType = sourcecode.swift; path = LeftRightView.swift; sourceTree = "<group>"; };
		90CD39EC239505D900CABA34 /* NormalController4.swift */ = {isa = PBXFileReference; fileEncoding = 4; lastKnownFileType = sourcecode.swift; path = NormalController4.swift; sourceTree = "<group>"; };
		96A489657EFD50858E095359 /* Pods-TFPopupSwiftDemo.release.xcconfig */ = {isa = PBXFileReference; includeInIndex = 1; lastKnownFileType = text.xcconfig; name = "Pods-TFPopupSwiftDemo.release.xcconfig"; path = "Target Support Files/Pods-TFPopupSwiftDemo/Pods-TFPopupSwiftDemo.release.xcconfig"; sourceTree = "<group>"; };
/* End PBXFileReference section */

/* Begin PBXFrameworksBuildPhase section */
		903164BA238FAEEE00FD1EE1 /* Frameworks */ = {
			isa = PBXFrameworksBuildPhase;
			buildActionMask = 2147483647;
			files = (
				70EF079C3DB90F9825244AF7 /* Pods_TFPopupSwiftDemo.framework in Frameworks */,
			);
			runOnlyForDeploymentPostprocessing = 0;
		};
/* End PBXFrameworksBuildPhase section */

/* Begin PBXGroup section */
		4FB5B8409F1BE28583933BFF /* Pods */ = {
			isa = PBXGroup;
			children = (
				78942AE213B40DDEBC99A342 /* Pods-TFPopupSwiftDemo.debug.xcconfig */,
				96A489657EFD50858E095359 /* Pods-TFPopupSwiftDemo.release.xcconfig */,
			);
			path = Pods;
			sourceTree = "<group>";
		};
		903164B4238FAEEE00FD1EE1 = {
			isa = PBXGroup;
			children = (
				903164BF238FAEEE00FD1EE1 /* TFPopupSwiftDemo */,
				903164BE238FAEEE00FD1EE1 /* Products */,
				4FB5B8409F1BE28583933BFF /* Pods */,
				929271DB7A4D9D4296A73C17 /* Frameworks */,
			);
			sourceTree = "<group>";
		};
		903164BE238FAEEE00FD1EE1 /* Products */ = {
			isa = PBXGroup;
			children = (
				903164BD238FAEEE00FD1EE1 /* TFPopupSwiftDemo.app */,
			);
			name = Products;
			sourceTree = "<group>";
		};
		903164BF238FAEEE00FD1EE1 /* TFPopupSwiftDemo */ = {
			isa = PBXGroup;
			children = (
				903164C0238FAEEE00FD1EE1 /* AppDelegate.swift */,
				903164C4238FAEEE00FD1EE1 /* ViewController.swift */,
				903164D8238FB76600FD1EE1 /* MainController.swift */,
				903164DA238FBB2900FD1EE1 /* MainNavigationController.swift */,
				903164D5238FAFF700FD1EE1 /* SwiftProjectUseOCPodHelper.h */,
				903164D6238FAFF700FD1EE1 /* SwiftProjectUseOCPodHelper.m */,
				9035806523923F80005EC8AE /* UIView_ExtensionSystem.swift */,
				903164DC238FBE4500FD1EE1 /* Example */,
				903164C9238FAEF000FD1EE1 /* Assets.xcassets */,
				903164CB238FAEF000FD1EE1 /* LaunchScreen.storyboard */,
				903164CE238FAEF000FD1EE1 /* Info.plist */,
				903164D4238FAFF600FD1EE1 /* TFPopupSwiftDemo-Bridging-Header.h */,
			);
			path = TFPopupSwiftDemo;
			sourceTree = "<group>";
		};
		903164DC238FBE4500FD1EE1 /* Example */ = {
			isa = PBXGroup;
			children = (
				90CD39ED239505D900CABA34 /* custum */,
				90CD39D0239505D900CABA34 /* normal */,
			);
			path = Example;
			sourceTree = "<group>";
		};
		90CD39D0239505D900CABA34 /* normal */ = {
			isa = PBXGroup;
			children = (
				90CD39E2239505D900CABA34 /* BottomView.swift */,
				90CD39D4239505D900CABA34 /* BottomView.xib */,
				90CD39DC239505D900CABA34 /* BubbleView.swift */,
				90CD39D1239505D900CABA34 /* BubbleView.xib */,
				90CD39EB239505D900CABA34 /* LeftRightView.swift */,
				90CD39E5239505D900CABA34 /* LeftRightView.xib */,
				90CD39E6239505D900CABA34 /* NormalController0.swift */,
				90CD39E0239505D900CABA34 /* NormalController0.xib */,
				90CD39DB239505D900CABA34 /* NormalController1.swift */,
				90CD39DE239505D900CABA34 /* NormalController1.xib */,
				90CD39E7239505D900CABA34 /* NormalController2.swift */,
				90CD39E1239505D900CABA34 /* NormalController2.xib */,
				90CD39D7239505D900CABA34 /* NormalController3.swift */,
				90CD39E4239505D900CABA34 /* NormalController3.xib */,
				90CD39EC239505D900CABA34 /* NormalController4.swift */,
				90CD39DA239505D900CABA34 /* NormalController4.xib */,
				90CD39DF239505D900CABA34 /* NormalController5.swift */,
				90CD39DD239505D900CABA34 /* NormalController5.xib */,
				90CD39E8239505D900CABA34 /* NormalController6.swift */,
				90CD39D9239505D900CABA34 /* NormalController6.xib */,
				90CD39E3239505D900CABA34 /* NormalController7.swift */,
				90CD39D6239505D900CABA34 /* NormalController7.xib */,
				90CD39D5239505D900CABA34 /* TopBottomFoldView.swift */,
				90CD39D2239505D900CABA34 /* TopBottomFoldView.xib */,
				90CD39EA239505D900CABA34 /* TopView.swift */,
				90CD39D3239505D900CABA34 /* TopView.xib */,
				90CD39D8239505D900CABA34 /* UniversalView.swift */,
				90CD39E9239505D900CABA34 /* UniversalView.xib */,
			);
			path = normal;
			sourceTree = "<group>";
		};
		90CD39ED239505D900CABA34 /* custum */ = {
			isa = PBXGroup;
			children = (
				9061A2312395478E00AAFE80 /* CustomController0.swift */,
				9061A2322395478E00AAFE80 /* CustomController0.xib */,
				9061A235239547B900AAFE80 /* CustomWithBackgroundView0.swift */,
				9061A23B23954E3F00AAFE80 /* CustomWithBackgroundView1.swift */,
				9061A23D23954E4700AAFE80 /* CustomWithBackgroundView2.swift */,
				9061A4472396854400AAFE80 /* CustomWithBackgroundView3.swift */,
				9061A23923954C2500AAFE80 /* CustomBaseView.swift */,
			);
			path = custum;
			sourceTree = "<group>";
		};
		929271DB7A4D9D4296A73C17 /* Frameworks */ = {
			isa = PBXGroup;
			children = (
				425D3932BBF92DFD4678F16C /* Pods_TFPopupSwiftDemo.framework */,
			);
			name = Frameworks;
			sourceTree = "<group>";
		};
/* End PBXGroup section */

/* Begin PBXNativeTarget section */
		903164BC238FAEEE00FD1EE1 /* TFPopupSwiftDemo */ = {
			isa = PBXNativeTarget;
			buildConfigurationList = 903164D1238FAEF000FD1EE1 /* Build configuration list for PBXNativeTarget "TFPopupSwiftDemo" */;
			buildPhases = (
				2AD5F9D62863AF9F7C0E3B7B /* [CP] Check Pods Manifest.lock */,
				903164B9238FAEEE00FD1EE1 /* Sources */,
				903164BA238FAEEE00FD1EE1 /* Frameworks */,
				903164BB238FAEEE00FD1EE1 /* Resources */,
				80D4BCF37E04C7AC056A8FF2 /* [CP] Embed Pods Frameworks */,
			);
			buildRules = (
			);
			dependencies = (
			);
			name = TFPopupSwiftDemo;
			productName = TFPopupSwiftDemo;
			productReference = 903164BD238FAEEE00FD1EE1 /* TFPopupSwiftDemo.app */;
			productType = "com.apple.product-type.application";
		};
/* End PBXNativeTarget section */

/* Begin PBXProject section */
		903164B5238FAEEE00FD1EE1 /* Project object */ = {
			isa = PBXProject;
			attributes = {
				LastSwiftUpdateCheck = 1120;
				LastUpgradeCheck = 1120;
				ORGANIZATIONNAME = zhutaofeng;
				TargetAttributes = {
					903164BC238FAEEE00FD1EE1 = {
						CreatedOnToolsVersion = 11.2.1;
						LastSwiftMigration = 1120;
					};
				};
			};
			buildConfigurationList = 903164B8238FAEEE00FD1EE1 /* Build configuration list for PBXProject "TFPopupSwiftDemo" */;
			compatibilityVersion = "Xcode 9.3";
			developmentRegion = en;
			hasScannedForEncodings = 0;
			knownRegions = (
				en,
				Base,
			);
			mainGroup = 903164B4238FAEEE00FD1EE1;
			productRefGroup = 903164BE238FAEEE00FD1EE1 /* Products */;
			projectDirPath = "";
			projectRoot = "";
			targets = (
				903164BC238FAEEE00FD1EE1 /* TFPopupSwiftDemo */,
			);
		};
/* End PBXProject section */

/* Begin PBXResourcesBuildPhase section */
		903164BB238FAEEE00FD1EE1 /* Resources */ = {
			isa = PBXResourcesBuildPhase;
			buildActionMask = 2147483647;
			files = (
				90CD39F7239505D900CABA34 /* NormalController4.xib in Resources */,
				9061A2342395478E00AAFE80 /* CustomController0.xib in Resources */,
				903164CD238FAEF000FD1EE1 /* LaunchScreen.storyboard in Resources */,
				90CD39F6239505D900CABA34 /* NormalController6.xib in Resources */,
				90CD39FD239505D900CABA34 /* NormalController0.xib in Resources */,
				90CD39F0239505D900CABA34 /* TopView.xib in Resources */,
				90CD39FA239505D900CABA34 /* NormalController5.xib in Resources */,
				90CD3A06239505D900CABA34 /* UniversalView.xib in Resources */,
				90CD39FB239505D900CABA34 /* NormalController1.xib in Resources */,
				90CD39EE239505D900CABA34 /* BubbleView.xib in Resources */,
				90CD39EF239505D900CABA34 /* TopBottomFoldView.xib in Resources */,
				903164CA238FAEF000FD1EE1 /* Assets.xcassets in Resources */,
				90CD3A01239505D900CABA34 /* NormalController3.xib in Resources */,
				90CD39F3239505D900CABA34 /* NormalController7.xib in Resources */,
				90CD39FE239505D900CABA34 /* NormalController2.xib in Resources */,
				90CD3A02239505D900CABA34 /* LeftRightView.xib in Resources */,
				90CD39F1239505D900CABA34 /* BottomView.xib in Resources */,
			);
			runOnlyForDeploymentPostprocessing = 0;
		};
/* End PBXResourcesBuildPhase section */

/* Begin PBXShellScriptBuildPhase section */
		2AD5F9D62863AF9F7C0E3B7B /* [CP] Check Pods Manifest.lock */ = {
			isa = PBXShellScriptBuildPhase;
			buildActionMask = 2147483647;
			files = (
			);
			inputFileListPaths = (
			);
			inputPaths = (
				"${PODS_PODFILE_DIR_PATH}/Podfile.lock",
				"${PODS_ROOT}/Manifest.lock",
			);
			name = "[CP] Check Pods Manifest.lock";
			outputFileListPaths = (
			);
			outputPaths = (
				"$(DERIVED_FILE_DIR)/Pods-TFPopupSwiftDemo-checkManifestLockResult.txt",
			);
			runOnlyForDeploymentPostprocessing = 0;
			shellPath = /bin/sh;
			shellScript = "diff \"${PODS_PODFILE_DIR_PATH}/Podfile.lock\" \"${PODS_ROOT}/Manifest.lock\" > /dev/null\nif [ $? != 0 ] ; then\n    # print error to STDERR\n    echo \"error: The sandbox is not in sync with the Podfile.lock. Run 'pod install' or update your CocoaPods installation.\" >&2\n    exit 1\nfi\n# This output is used by Xcode 'outputs' to avoid re-running this script phase.\necho \"SUCCESS\" > \"${SCRIPT_OUTPUT_FILE_0}\"\n";
			showEnvVarsInLog = 0;
		};
		80D4BCF37E04C7AC056A8FF2 /* [CP] Embed Pods Frameworks */ = {
			isa = PBXShellScriptBuildPhase;
			buildActionMask = 2147483647;
			files = (
			);
			inputFileListPaths = (
				"${PODS_ROOT}/Target Support Files/Pods-TFPopupSwiftDemo/Pods-TFPopupSwiftDemo-frameworks-${CONFIGURATION}-input-files.xcfilelist",
			);
			name = "[CP] Embed Pods Frameworks";
			outputFileListPaths = (
				"${PODS_ROOT}/Target Support Files/Pods-TFPopupSwiftDemo/Pods-TFPopupSwiftDemo-frameworks-${CONFIGURATION}-output-files.xcfilelist",
			);
			runOnlyForDeploymentPostprocessing = 0;
			shellPath = /bin/sh;
			shellScript = "\"${PODS_ROOT}/Target Support Files/Pods-TFPopupSwiftDemo/Pods-TFPopupSwiftDemo-frameworks.sh\"\n";
			showEnvVarsInLog = 0;
		};
/* End PBXShellScriptBuildPhase section */

/* Begin PBXSourcesBuildPhase section */
		903164B9238FAEEE00FD1EE1 /* Sources */ = {
			isa = PBXSourcesBuildPhase;
			buildActionMask = 2147483647;
			files = (
				9061A23A23954C2500AAFE80 /* CustomBaseView.swift in Sources */,
				9061A4482396854400AAFE80 /* CustomWithBackgroundView3.swift in Sources */,
				90CD3A03239505D900CABA34 /* NormalController0.swift in Sources */,
				90CD3A04239505D900CABA34 /* NormalController2.swift in Sources */,
				90CD39F8239505D900CABA34 /* NormalController1.swift in Sources */,
				903164DB238FBB2900FD1EE1 /* MainNavigationController.swift in Sources */,
				90CD3A05239505D900CABA34 /* NormalController6.swift in Sources */,
				90CD39F5239505D900CABA34 /* UniversalView.swift in Sources */,
				90CD3A08239505D900CABA34 /* LeftRightView.swift in Sources */,
				903164C5238FAEEE00FD1EE1 /* ViewController.swift in Sources */,
				90CD39F4239505D900CABA34 /* NormalController3.swift in Sources */,
				9061A2332395478E00AAFE80 /* CustomController0.swift in Sources */,
				90CD39FF239505D900CABA34 /* BottomView.swift in Sources */,
				90CD3A00239505D900CABA34 /* NormalController7.swift in Sources */,
				9061A23C23954E3F00AAFE80 /* CustomWithBackgroundView1.swift in Sources */,
				903164D7238FAFF700FD1EE1 /* SwiftProjectUseOCPodHelper.m in Sources */,
				9061A23E23954E4700AAFE80 /* CustomWithBackgroundView2.swift in Sources */,
				903164C1238FAEEE00FD1EE1 /* AppDelegate.swift in Sources */,
				90CD39F2239505D900CABA34 /* TopBottomFoldView.swift in Sources */,
				90CD39FC239505D900CABA34 /* NormalController5.swift in Sources */,
				90CD3A09239505D900CABA34 /* NormalController4.swift in Sources */,
				90CD39F9239505D900CABA34 /* BubbleView.swift in Sources */,
				903164D9238FB76600FD1EE1 /* MainController.swift in Sources */,
				90CD3A07239505D900CABA34 /* TopView.swift in Sources */,
				9061A236239547BA00AAFE80 /* CustomWithBackgroundView0.swift in Sources */,
				9035806623923F80005EC8AE /* UIView_ExtensionSystem.swift in Sources */,
			);
			runOnlyForDeploymentPostprocessing = 0;
		};
/* End PBXSourcesBuildPhase section */

/* Begin PBXVariantGroup section */
		903164CB238FAEF000FD1EE1 /* LaunchScreen.storyboard */ = {
			isa = PBXVariantGroup;
			children = (
				903164CC238FAEF000FD1EE1 /* Base */,
			);
			name = LaunchScreen.storyboard;
			sourceTree = "<group>";
		};
/* End PBXVariantGroup section */

/* Begin XCBuildConfiguration section */
		903164CF238FAEF000FD1EE1 /* Debug */ = {
			isa = XCBuildConfiguration;
			buildSettings = {
				ALWAYS_SEARCH_USER_PATHS = NO;
				CLANG_ANALYZER_NONNULL = YES;
				CLANG_ANALYZER_NUMBER_OBJECT_CONVERSION = YES_AGGRESSIVE;
				CLANG_CXX_LANGUAGE_STANDARD = "gnu++14";
				CLANG_CXX_LIBRARY = "libc++";
				CLANG_ENABLE_MODULES = YES;
				CLANG_ENABLE_OBJC_ARC = YES;
				CLANG_ENABLE_OBJC_WEAK = YES;
				CLANG_WARN_BLOCK_CAPTURE_AUTORELEASING = YES;
				CLANG_WARN_BOOL_CONVERSION = YES;
				CLANG_WARN_COMMA = YES;
				CLANG_WARN_CONSTANT_CONVERSION = YES;
				CLANG_WARN_DEPRECATED_OBJC_IMPLEMENTATIONS = YES;
				CLANG_WARN_DIRECT_OBJC_ISA_USAGE = YES_ERROR;
				CLANG_WARN_DOCUMENTATION_COMMENTS = YES;
				CLANG_WARN_EMPTY_BODY = YES;
				CLANG_WARN_ENUM_CONVERSION = YES;
				CLANG_WARN_INFINITE_RECURSION = YES;
				CLANG_WARN_INT_CONVERSION = YES;
				CLANG_WARN_NON_LITERAL_NULL_CONVERSION = YES;
				CLANG_WARN_OBJC_IMPLICIT_RETAIN_SELF = YES;
				CLANG_WARN_OBJC_LITERAL_CONVERSION = YES;
				CLANG_WARN_OBJC_ROOT_CLASS = YES_ERROR;
				CLANG_WARN_RANGE_LOOP_ANALYSIS = YES;
				CLANG_WARN_STRICT_PROTOTYPES = YES;
				CLANG_WARN_SUSPICIOUS_MOVE = YES;
				CLANG_WARN_UNGUARDED_AVAILABILITY = YES_AGGRESSIVE;
				CLANG_WARN_UNREACHABLE_CODE = YES;
				CLANG_WARN__DUPLICATE_METHOD_MATCH = YES;
				COPY_PHASE_STRIP = NO;
				DEBUG_INFORMATION_FORMAT = dwarf;
				ENABLE_STRICT_OBJC_MSGSEND = YES;
				ENABLE_TESTABILITY = YES;
				GCC_C_LANGUAGE_STANDARD = gnu11;
				GCC_DYNAMIC_NO_PIC = NO;
				GCC_NO_COMMON_BLOCKS = YES;
				GCC_OPTIMIZATION_LEVEL = 0;
				GCC_PREPROCESSOR_DEFINITIONS = (
					"DEBUG=1",
					"$(inherited)",
				);
				GCC_WARN_64_TO_32_BIT_CONVERSION = YES;
				GCC_WARN_ABOUT_RETURN_TYPE = YES_ERROR;
				GCC_WARN_UNDECLARED_SELECTOR = YES;
				GCC_WARN_UNINITIALIZED_AUTOS = YES_AGGRESSIVE;
				GCC_WARN_UNUSED_FUNCTION = YES;
				GCC_WARN_UNUSED_VARIABLE = YES;
				IPHONEOS_DEPLOYMENT_TARGET = 13.2;
				MTL_ENABLE_DEBUG_INFO = INCLUDE_SOURCE;
				MTL_FAST_MATH = YES;
				ONLY_ACTIVE_ARCH = YES;
				SDKROOT = iphoneos;
				SWIFT_ACTIVE_COMPILATION_CONDITIONS = DEBUG;
				SWIFT_OPTIMIZATION_LEVEL = "-Onone";
			};
			name = Debug;
		};
		903164D0238FAEF000FD1EE1 /* Release */ = {
			isa = XCBuildConfiguration;
			buildSettings = {
				ALWAYS_SEARCH_USER_PATHS = NO;
				CLANG_ANALYZER_NONNULL = YES;
				CLANG_ANALYZER_NUMBER_OBJECT_CONVERSION = YES_AGGRESSIVE;
				CLANG_CXX_LANGUAGE_STANDARD = "gnu++14";
				CLANG_CXX_LIBRARY = "libc++";
				CLANG_ENABLE_MODULES = YES;
				CLANG_ENABLE_OBJC_ARC = YES;
				CLANG_ENABLE_OBJC_WEAK = YES;
				CLANG_WARN_BLOCK_CAPTURE_AUTORELEASING = YES;
				CLANG_WARN_BOOL_CONVERSION = YES;
				CLANG_WARN_COMMA = YES;
				CLANG_WARN_CONSTANT_CONVERSION = YES;
				CLANG_WARN_DEPRECATED_OBJC_IMPLEMENTATIONS = YES;
				CLANG_WARN_DIRECT_OBJC_ISA_USAGE = YES_ERROR;
				CLANG_WARN_DOCUMENTATION_COMMENTS = YES;
				CLANG_WARN_EMPTY_BODY = YES;
				CLANG_WARN_ENUM_CONVERSION = YES;
				CLANG_WARN_INFINITE_RECURSION = YES;
				CLANG_WARN_INT_CONVERSION = YES;
				CLANG_WARN_NON_LITERAL_NULL_CONVERSION = YES;
				CLANG_WARN_OBJC_IMPLICIT_RETAIN_SELF = YES;
				CLANG_WARN_OBJC_LITERAL_CONVERSION = YES;
				CLANG_WARN_OBJC_ROOT_CLASS = YES_ERROR;
				CLANG_WARN_RANGE_LOOP_ANALYSIS = YES;
				CLANG_WARN_STRICT_PROTOTYPES = YES;
				CLANG_WARN_SUSPICIOUS_MOVE = YES;
				CLANG_WARN_UNGUARDED_AVAILABILITY = YES_AGGRESSIVE;
				CLANG_WARN_UNREACHABLE_CODE = YES;
				CLANG_WARN__DUPLICATE_METHOD_MATCH = YES;
				COPY_PHASE_STRIP = NO;
				DEBUG_INFORMATION_FORMAT = "dwarf-with-dsym";
				ENABLE_NS_ASSERTIONS = NO;
				ENABLE_STRICT_OBJC_MSGSEND = YES;
				GCC_C_LANGUAGE_STANDARD = gnu11;
				GCC_NO_COMMON_BLOCKS = YES;
				GCC_WARN_64_TO_32_BIT_CONVERSION = YES;
				GCC_WARN_ABOUT_RETURN_TYPE = YES_ERROR;
				GCC_WARN_UNDECLARED_SELECTOR = YES;
				GCC_WARN_UNINITIALIZED_AUTOS = YES_AGGRESSIVE;
				GCC_WARN_UNUSED_FUNCTION = YES;
				GCC_WARN_UNUSED_VARIABLE = YES;
				IPHONEOS_DEPLOYMENT_TARGET = 13.2;
				MTL_ENABLE_DEBUG_INFO = NO;
				MTL_FAST_MATH = YES;
				SDKROOT = iphoneos;
				SWIFT_COMPILATION_MODE = wholemodule;
				SWIFT_OPTIMIZATION_LEVEL = "-O";
				VALIDATE_PRODUCT = YES;
			};
			name = Release;
		};
		903164D2238FAEF000FD1EE1 /* Debug */ = {
			isa = XCBuildConfiguration;
			baseConfigurationReference = 78942AE213B40DDEBC99A342 /* Pods-TFPopupSwiftDemo.debug.xcconfig */;
			buildSettings = {
				ASSETCATALOG_COMPILER_APPICON_NAME = AppIcon;
				CLANG_ENABLE_MODULES = YES;
				CODE_SIGN_IDENTITY = "iPhone Developer";
				CODE_SIGN_STYLE = Manual;
				DEVELOPMENT_TEAM = M98VYFZASK;
				INFOPLIST_FILE = TFPopupSwiftDemo/Info.plist;
				IPHONEOS_DEPLOYMENT_TARGET = 8.0;
				LD_RUNPATH_SEARCH_PATHS = (
					"$(inherited)",
					"@executable_path/Frameworks",
				);
				PRODUCT_BUNDLE_IDENTIFIER = com.happyaftdev.TFPopupSwiftDemo;
				PRODUCT_NAME = "$(TARGET_NAME)";
				PROVISIONING_PROFILE_SPECIFIER = devId_pro;
				SWIFT_OBJC_BRIDGING_HEADER = "TFPopupSwiftDemo/TFPopupSwiftDemo-Bridging-Header.h";
				SWIFT_OPTIMIZATION_LEVEL = "-Onone";
				SWIFT_VERSION = 5.0;
				TARGETED_DEVICE_FAMILY = "1,2";
			};
			name = Debug;
		};
		903164D3238FAEF000FD1EE1 /* Release */ = {
			isa = XCBuildConfiguration;
			baseConfigurationReference = 96A489657EFD50858E095359 /* Pods-TFPopupSwiftDemo.release.xcconfig */;
			buildSettings = {
				ASSETCATALOG_COMPILER_APPICON_NAME = AppIcon;
				CLANG_ENABLE_MODULES = YES;
				CODE_SIGN_IDENTITY = "iPhone Developer";
				CODE_SIGN_STYLE = Manual;
				DEVELOPMENT_TEAM = M98VYFZASK;
				INFOPLIST_FILE = TFPopupSwiftDemo/Info.plist;
				IPHONEOS_DEPLOYMENT_TARGET = 8.0;
				LD_RUNPATH_SEARCH_PATHS = (
					"$(inherited)",
					"@executable_path/Frameworks",
				);
				PRODUCT_BUNDLE_IDENTIFIER = com.happyaftdev.TFPopupSwiftDemo;
				PRODUCT_NAME = "$(TARGET_NAME)";
				PROVISIONING_PROFILE_SPECIFIER = devId_pro;
				SWIFT_OBJC_BRIDGING_HEADER = "TFPopupSwiftDemo/TFPopupSwiftDemo-Bridging-Header.h";
				SWIFT_VERSION = 5.0;
				TARGETED_DEVICE_FAMILY = "1,2";
			};
			name = Release;
		};
/* End XCBuildConfiguration section */

/* Begin XCConfigurationList section */
		903164B8238FAEEE00FD1EE1 /* Build configuration list for PBXProject "TFPopupSwiftDemo" */ = {
			isa = XCConfigurationList;
			buildConfigurations = (
				903164CF238FAEF000FD1EE1 /* Debug */,
				903164D0238FAEF000FD1EE1 /* Release */,
			);
			defaultConfigurationIsVisible = 0;
			defaultConfigurationName = Release;
		};
		903164D1238FAEF000FD1EE1 /* Build configuration list for PBXNativeTarget "TFPopupSwiftDemo" */ = {
			isa = XCConfigurationList;
			buildConfigurations = (
				903164D2238FAEF000FD1EE1 /* Debug */,
				903164D3238FAEF000FD1EE1 /* Release */,
			);
			defaultConfigurationIsVisible = 0;
			defaultConfigurationName = Release;
		};
/* End XCConfigurationList section */
	};
	rootObject = 903164B5238FAEEE00FD1EE1 /* Project object */;
}
